
Microsoft Visual Studio Solution File, Format Version 12.00
# Visual Studio Version 16
VisualStudioVersion = 16.0.30517.126
MinimumVisualStudioVersion = 10.0.40219.1
Project("{2150E333-8FDC-42A3-9474-1A3956D46DE8}") = "src", "src", "{6EAE510C-FED0-46F4-8234-741E0195FC42}"
EndProject
Project("{2150E333-8FDC-42A3-9474-1A3956D46DE8}") = "Adapters", "Adapters", "{30FAA2B6-9374-4E96-952B-79212D94EF18}"
EndProject
Project("{2150E333-8FDC-42A3-9474-1A3956D46DE8}") = "Core", "Core", "{69AA193D-004C-452E-BA25-0627BD0042B0}"
EndProject
Project("{2150E333-8FDC-42A3-9474-1A3956D46DE8}") = "Driving", "Driving", "{6B37E9A2-62B8-412D-ACC3-2B518012BC8B}"
EndProject
Project("{2150E333-8FDC-42A3-9474-1A3956D46DE8}") = "Driven", "Driven", "{E470F337-510D-41D5-85D3-BC287AB6AE3A}"
EndProject
Project("{FAE04EC0-301F-11D3-BF4B-00C04F79EFBC}") = "Api", "Api\Api.csproj", "{B8AC8EAD-38B4-454B-82A4-FA8CBD065FAB}"
EndProject
Project("{FAE04EC0-301F-11D3-BF4B-00C04F79EFBC}") = "Infra.DataBase.InMemory", "Infra.DataBase.InMemory\Infra.DataBase.InMemory.csproj", "{F70E3A3E-A30F-4918-8CCB-25D4EC9FF73B}"
EndProject
Project("{FAE04EC0-301F-11D3-BF4B-00C04F79EFBC}") = "Infra.Email", "Infra.Email\Infra.Email.csproj", "{71A359BB-6112-4DD5-8BAF-92FF784F6DFE}"
EndProject
Project("{FAE04EC0-301F-11D3-BF4B-00C04F79EFBC}") = "Application", "Application\Application.csproj", "{39C1E4C7-E408-40EE-9279-3F3966608EAB}"
EndProject
Project("{FAE04EC0-301F-11D3-BF4B-00C04F79EFBC}") = "Domain", "Domain\Domain.csproj", "{93E82816-71C9-4DCF-9594-5ECE9A851AF4}"
EndProject
Global
	GlobalSection(SolutionConfigurationPlatforms) = preSolution
		Debug|Any CPU = Debug|Any CPU
		Release|Any CPU = Release|Any CPU
	EndGlobalSection
	GlobalSection(ProjectConfigurationPlatforms) = postSolution
		{B8AC8EAD-38B4-454B-82A4-FA8CBD065FAB}.Debug|Any CPU.ActiveCfg = Debug|Any CPU
		{B8AC8EAD-38B4-454B-82A4-FA8CBD065FAB}.Debug|Any CPU.Build.0 = Debug|Any CPU
		{B8AC8EAD-38B4-454B-82A4-FA8CBD065FAB}.Release|Any CPU.ActiveCfg = Release|Any CPU
		{B8AC8EAD-38B4-454B-82A4-FA8CBD065FAB}.Release|Any CPU.Build.0 = Release|Any CPU
		{F70E3A3E-A30F-4918-8CCB-25D4EC9FF73B}.Debug|Any CPU.ActiveCfg = Debug|Any CPU
		{F70E3A3E-A30F-4918-8CCB-25D4EC9FF73B}.Debug|Any CPU.Build.0 = Debug|Any CPU
		{F70E3A3E-A30F-4918-8CCB-25D4EC9FF73B}.Release|Any CPU.ActiveCfg = Release|Any CPU
		{F70E3A3E-A30F-4918-8CCB-25D4EC9FF73B}.Release|Any CPU.Build.0 = Release|Any CPU
		{71A359BB-6112-4DD5-8BAF-92FF784F6DFE}.Debug|Any CPU.ActiveCfg = Debug|Any CPU
		{71A359BB-6112-4DD5-8BAF-92FF784F6DFE}.Debug|Any CPU.Build.0 = Debug|Any CPU
		{71A359BB-6112-4DD5-8BAF-92FF784F6DFE}.Release|Any CPU.ActiveCfg = Release|Any CPU
		{71A359BB-6112-4DD5-8BAF-92FF784F6DFE}.Release|Any CPU.Build.0 = Release|Any CPU
		{39C1E4C7-E408-40EE-9279-3F3966608EAB}.Debug|Any CPU.ActiveCfg = Debug|Any CPU
		{39C1E4C7-E408-40EE-9279-3F3966608EAB}.Debug|Any CPU.Build.0 = Debug|Any CPU
		{39C1E4C7-E408-40EE-9279-3F3966608EAB}.Release|Any CPU.ActiveCfg = Release|Any CPU
		{39C1E4C7-E408-40EE-9279-3F3966608EAB}.Release|Any CPU.Build.0 = Release|Any CPU
		{93E82816-71C9-4DCF-9594-5ECE9A851AF4}.Debug|Any CPU.ActiveCfg = Debug|Any CPU
		{93E82816-71C9-4DCF-9594-5ECE9A851AF4}.Debug|Any CPU.Build.0 = Debug|Any CPU
		{93E82816-71C9-4DCF-9594-5ECE9A851AF4}.Release|Any CPU.ActiveCfg = Release|Any CPU
		{93E82816-71C9-4DCF-9594-5ECE9A851AF4}.Release|Any CPU.Build.0 = Release|Any CPU
	EndGlobalSection
	GlobalSection(SolutionProperties) = preSolution
		HideSolutionNode = FALSE
	EndGlobalSection
	GlobalSection(NestedProjects) = preSolution
		{30FAA2B6-9374-4E96-952B-79212D94EF18} = {6EAE510C-FED0-46F4-8234-741E0195FC42}
		{69AA193D-004C-452E-BA25-0627BD0042B0} = {6EAE510C-FED0-46F4-8234-741E0195FC42}
		{6B37E9A2-62B8-412D-ACC3-2B518012BC8B} = {30FAA2B6-9374-4E96-952B-79212D94EF18}
		{E470F337-510D-41D5-85D3-BC287AB6AE3A} = {30FAA2B6-9374-4E96-952B-79212D94EF18}
		{B8AC8EAD-38B4-454B-82A4-FA8CBD065FAB} = {6B37E9A2-62B8-412D-ACC3-2B518012BC8B}
		{F70E3A3E-A30F-4918-8CCB-25D4EC9FF73B} = {E470F337-510D-41D5-85D3-BC287AB6AE3A}
		{71A359BB-6112-4DD5-8BAF-92FF784F6DFE} = {E470F337-510D-41D5-85D3-BC287AB6AE3A}
		{39C1E4C7-E408-40EE-9279-3F3966608EAB} = {69AA193D-004C-452E-BA25-0627BD0042B0}
		{93E82816-71C9-4DCF-9594-5ECE9A851AF4} = {69AA193D-004C-452E-BA25-0627BD0042B0}
	EndGlobalSection
	GlobalSection(ExtensibilityGlobals) = postSolution
		SolutionGuid = {E11C44F2-2B48-49DD-B5D4-46029578C4DE}
	EndGlobalSection
EndGlobal
